PODS:
  - JVFloatLabeledTextField (1.2.0)
  - ReachabilitySwift (3)
  - SVProgressHUD (2.1.2)

DEPENDENCIES:
  - JVFloatLabeledTextField
  - ReachabilitySwift
  - SVProgressHUD

SPEC CHECKSUMS:
  JVFloatLabeledTextField: 96c0c1b6739001801340d25b86aff990d67c4181
  ReachabilitySwift: f5b9bb30a0777fac8f09ce8b067e32faeb29bb64
  SVProgressHUD: c404a55d78acbeb7ebb78b76d3faf986475a6994

PODFILE CHECKSUM: f39e16d7896bc919854cf2edc7cc71f5d543a948

COCOAPODS: 1.1.1
