// !$*UTF8*$!
{
	archiveVersion = 1;
	classes = {
	};
	objectVersion = 48;
	objects = {

/* Begin PBXBuildFile section */
		2BECBD317A8205C1067BBE11 /* Pods_ACCI_CricketUITests.framework in Frameworks */ = {isa = PBXBuildFile; fileRef = F924E1B224A3F4E835BBF0C9 /* Pods_ACCI_CricketUITests.framework */; };
		4A16D2981F470CEF008C65F2 /* AppDelegate.swift in Sources */ = {isa = PBXBuildFile; fileRef = 4A16D2971F470CEF008C65F2 /* AppDelegate.swift */; };
		4A16D29A1F470CF0008C65F2 /* ViewController.swift in Sources */ = {isa = PBXBuildFile; fileRef = 4A16D2991F470CEF008C65F2 /* ViewController.swift */; };
		4A16D29D1F470CF0008C65F2 /* Main.storyboard in Resources */ = {isa = PBXBuildFile; fileRef = 4A16D29B1F470CF0008C65F2 /* Main.storyboard */; };
		4A16D2A01F470CF0008C65F2 /* ACCI_Cricket.xcdatamodeld in Sources */ = {isa = PBXBuildFile; fileRef = 4A16D29E1F470CF0008C65F2 /* ACCI_Cricket.xcdatamodeld */; };
		4A16D2A21F470CF0008C65F2 /* Assets.xcassets in Resources */ = {isa = PBXBuildFile; fileRef = 4A16D2A11F470CF0008C65F2 /* Assets.xcassets */; };
		4A16D2A51F470CF0008C65F2 /* LaunchScreen.storyboard in Resources */ = {isa = PBXBuildFile; fileRef = 4A16D2A31F470CF0008C65F2 /* LaunchScreen.storyboard */; };
		4A16D2B01F470CF0008C65F2 /* ACCI_CricketTests.swift in Sources */ = {isa = PBXBuildFile; fileRef = 4A16D2AF1F470CF0008C65F2 /* ACCI_CricketTests.swift */; };
		4A16D2BB1F470CF0008C65F2 /* ACCI_CricketUITests.swift in Sources */ = {isa = PBXBuildFile; fileRef = 4A16D2BA1F470CF0008C65F2 /* ACCI_CricketUITests.swift */; };
		4A16D2D01F470D76008C65F2 /* validator.swift in Sources */ = {isa = PBXBuildFile; fileRef = 4A16D2CF1F470D76008C65F2 /* validator.swift */; };
		4AE274B11F56F23800854976 /* NavViewController.swift in Sources */ = {isa = PBXBuildFile; fileRef = 4AE274B01F56F23800854976 /* NavViewController.swift */; };
		94CB594AEFE80EA356CBD3A8 /* Pods_ACCI_CricketTests.framework in Frameworks */ = {isa = PBXBuildFile; fileRef = 4914356FAF68ACF1DDC3D5B8 /* Pods_ACCI_CricketTests.framework */; };
		BB9EF6EFEB4D8DE2E4B17301 /* Pods_ACCI_Cricket.framework in Frameworks */ = {isa = PBXBuildFile; fileRef = E47774C3787186C15CF4D06C /* Pods_ACCI_Cricket.framework */; };
		F4033D411F4BEF0700931CAF /* TxtViewExtn.swift in Sources */ = {isa = PBXBuildFile; fileRef = F4033D401F4BEF0700931CAF /* TxtViewExtn.swift */; };
		F405BF2D1F532F19003A2CA9 /* CustomTextField.swift in Sources */ = {isa = PBXBuildFile; fileRef = F405BF2C1F532F19003A2CA9 /* CustomTextField.swift */; };
		F40C8AF71F4F5112009BD779 /* GoogleService-Info.plist in Resources */ = {isa = PBXBuildFile; fileRef = F40C8AF61F4F5100009BD779 /* GoogleService-Info.plist */; };
		F44F41C91F48AB1300F6023A /* Extention.swift in Sources */ = {isa = PBXBuildFile; fileRef = F44F41C51F48AB1300F6023A /* Extention.swift */; };
		F44F41CA1F48AB1300F6023A /* imageExtension.swift in Sources */ = {isa = PBXBuildFile; fileRef = F44F41C61F48AB1300F6023A /* imageExtension.swift */; };
		F44F41CB1F48AB1300F6023A /* RoundButton.swift in Sources */ = {isa = PBXBuildFile; fileRef = F44F41C71F48AB1300F6023A /* RoundButton.swift */; };
		F44F41CC1F48AB1300F6023A /* roundedBorderView.swift in Sources */ = {isa = PBXBuildFile; fileRef = F44F41C81F48AB1300F6023A /* roundedBorderView.swift */; };
		F4633A261F4984880088B005 /* TimesheetViewController.swift in Sources */ = {isa = PBXBuildFile; fileRef = F4633A251F4984880088B005 /* TimesheetViewController.swift */; };
		F4633A281F4984A50088B005 /* MatchResultViewController.swift in Sources */ = {isa = PBXBuildFile; fileRef = F4633A271F4984A50088B005 /* MatchResultViewController.swift */; };
		F4633A2A1F4984BA0088B005 /* MoreViewController.swift in Sources */ = {isa = PBXBuildFile; fileRef = F4633A291F4984BA0088B005 /* MoreViewController.swift */; };
		F4633A2E1F49872B0088B005 /* HomeCollectionView.swift in Sources */ = {isa = PBXBuildFile; fileRef = F4633A2D1F49872B0088B005 /* HomeCollectionView.swift */; };
		F4F3D3A61F4952C70092F9A9 /* TabbarController.swift in Sources */ = {isa = PBXBuildFile; fileRef = F4FB6D191F494FAA00B22587 /* TabbarController.swift */; };
/* End PBXBuildFile section */

/* Begin PBXContainerItemProxy section */
		4A16D2AC1F470CF0008C65F2 /* PBXContainerItemProxy */ = {
			isa = PBXContainerItemProxy;
			containerPortal = 4A16D28C1F470CEF008C65F2 /* Project object */;
			proxyType = 1;
			remoteGlobalIDString = 4A16D2931F470CEF008C65F2;
			remoteInfo = ACCI_Cricket;
		};
		4A16D2B71F470CF0008C65F2 /* PBXContainerItemProxy */ = {
			isa = PBXContainerItemProxy;
			containerPortal = 4A16D28C1F470CEF008C65F2 /* Project object */;
			proxyType = 1;
			remoteGlobalIDString = 4A16D2931F470CEF008C65F2;
			remoteInfo = ACCI_Cricket;
		};
/* End PBXContainerItemProxy section */

/* Begin PBXFileReference section */
		45FB5FAB2E81A39DA9503F1E /* Pods-ACCI_CricketUITests.debug.xcconfig */ = {isa = PBXFileReference; includeInIndex = 1; lastKnownFileType = text.xcconfig; name = "Pods-ACCI_CricketUITests.debug.xcconfig"; path = "Pods/Target Support Files/Pods-ACCI_CricketUITests/Pods-ACCI_CricketUITests.debug.xcconfig"; sourceTree = "<group>"; };
		4914356FAF68ACF1DDC3D5B8 /* Pods_ACCI_CricketTests.framework */ = {isa = PBXFileReference; explicitFileType = wrapper.framework; includeInIndex = 0; path = Pods_ACCI_CricketTests.framework; sourceTree = BUILT_PRODUCTS_DIR; };
		4A16D2941F470CEF008C65F2 /* ACCI_Cricket.app */ = {isa = PBXFileReference; explicitFileType = wrapper.application; includeInIndex = 0; path = ACCI_Cricket.app; sourceTree = BUILT_PRODUCTS_DIR; };
		4A16D2971F470CEF008C65F2 /* AppDelegate.swift */ = {isa = PBXFileReference; lastKnownFileType = sourcecode.swift; path = AppDelegate.swift; sourceTree = "<group>"; };
		4A16D2991F470CEF008C65F2 /* ViewController.swift */ = {isa = PBXFileReference; lastKnownFileType = sourcecode.swift; path = ViewController.swift; sourceTree = "<group>"; };
		4A16D29C1F470CF0008C65F2 /* Base */ = {isa = PBXFileReference; lastKnownFileType = file.storyboard; name = Base; path = Base.lproj/Main.storyboard; sourceTree = "<group>"; };
		4A16D29F1F470CF0008C65F2 /* ACCI_Cricket.xcdatamodel */ = {isa = PBXFileReference; lastKnownFileType = wrapper.xcdatamodel; path = ACCI_Cricket.xcdatamodel; sourceTree = "<group>"; };
		4A16D2A11F470CF0008C65F2 /* Assets.xcassets */ = {isa = PBXFileReference; lastKnownFileType = folder.assetcatalog; path = Assets.xcassets; sourceTree = "<group>"; };
		4A16D2A41F470CF0008C65F2 /* Base */ = {isa = PBXFileReference; lastKnownFileType = file.storyboard; name = Base; path = Base.lproj/LaunchScreen.storyboard; sourceTree = "<group>"; };
		4A16D2A61F470CF0008C65F2 /* Info.plist */ = {isa = PBXFileReference; lastKnownFileType = text.plist.xml; path = Info.plist; sourceTree = "<group>"; };
		4A16D2AB1F470CF0008C65F2 /* ACCI_CricketTests.xctest */ = {isa = PBXFileReference; explicitFileType = wrapper.cfbundle; includeInIndex = 0; path = ACCI_CricketTests.xctest; sourceTree = BUILT_PRODUCTS_DIR; };
		4A16D2AF1F470CF0008C65F2 /* ACCI_CricketTests.swift */ = {isa = PBXFileReference; lastKnownFileType = sourcecode.swift; path = ACCI_CricketTests.swift; sourceTree = "<group>"; };
		4A16D2B11F470CF0008C65F2 /* Info.plist */ = {isa = PBXFileReference; lastKnownFileType = text.plist.xml; path = Info.plist; sourceTree = "<group>"; };
		4A16D2B61F470CF0008C65F2 /* ACCI_CricketUITests.xctest */ = {isa = PBXFileReference; explicitFileType = wrapper.cfbundle; includeInIndex = 0; path = ACCI_CricketUITests.xctest; sourceTree = BUILT_PRODUCTS_DIR; };
		4A16D2BA1F470CF0008C65F2 /* ACCI_CricketUITests.swift */ = {isa = PBXFileReference; lastKnownFileType = sourcecode.swift; path = ACCI_CricketUITests.swift; sourceTree = "<group>"; };
		4A16D2BC1F470CF0008C65F2 /* Info.plist */ = {isa = PBXFileReference; lastKnownFileType = text.plist.xml; path = Info.plist; sourceTree = "<group>"; };
		4A16D2CF1F470D76008C65F2 /* validator.swift */ = {isa = PBXFileReference; lastKnownFileType = sourcecode.swift; path = validator.swift; sourceTree = "<group>"; };
		4AE274B01F56F23800854976 /* NavViewController.swift */ = {isa = PBXFileReference; lastKnownFileType = sourcecode.swift; path = NavViewController.swift; sourceTree = "<group>"; };
		6F3FD1DE421296B993CFAF94 /* Pods-ACCI_CricketUITests.release.xcconfig */ = {isa = PBXFileReference; includeInIndex = 1; lastKnownFileType = text.xcconfig; name = "Pods-ACCI_CricketUITests.release.xcconfig"; path = "Pods/Target Support Files/Pods-ACCI_CricketUITests/Pods-ACCI_CricketUITests.release.xcconfig"; sourceTree = "<group>"; };
		77011F11DE247829EDA51DA5 /* Pods-ACCI_CricketTests.release.xcconfig */ = {isa = PBXFileReference; includeInIndex = 1; lastKnownFileType = text.xcconfig; name = "Pods-ACCI_CricketTests.release.xcconfig"; path = "Pods/Target Support Files/Pods-ACCI_CricketTests/Pods-ACCI_CricketTests.release.xcconfig"; sourceTree = "<group>"; };
		B1379C0A482998E59E3DF42D /* Pods-ACCI_Cricket.debug.xcconfig */ = {isa = PBXFileReference; includeInIndex = 1; lastKnownFileType = text.xcconfig; name = "Pods-ACCI_Cricket.debug.xcconfig"; path = "Pods/Target Support Files/Pods-ACCI_Cricket/Pods-ACCI_Cricket.debug.xcconfig"; sourceTree = "<group>"; };
		BE0A80D94B9E43AB1BE6CF8B /* Pods-ACCI_CricketTests.debug.xcconfig */ = {isa = PBXFileReference; includeInIndex = 1; lastKnownFileType = text.xcconfig; name = "Pods-ACCI_CricketTests.debug.xcconfig"; path = "Pods/Target Support Files/Pods-ACCI_CricketTests/Pods-ACCI_CricketTests.debug.xcconfig"; sourceTree = "<group>"; };
		E47774C3787186C15CF4D06C /* Pods_ACCI_Cricket.framework */ = {isa = PBXFileReference; explicitFileType = wrapper.framework; includeInIndex = 0; path = Pods_ACCI_Cricket.framework; sourceTree = BUILT_PRODUCTS_DIR; };
		EDBA6339EC1ED73854E91C51 /* Pods-ACCI_Cricket.release.xcconfig */ = {isa = PBXFileReference; includeInIndex = 1; lastKnownFileType = text.xcconfig; name = "Pods-ACCI_Cricket.release.xcconfig"; path = "Pods/Target Support Files/Pods-ACCI_Cricket/Pods-ACCI_Cricket.release.xcconfig"; sourceTree = "<group>"; };
		F4033D401F4BEF0700931CAF /* TxtViewExtn.swift */ = {isa = PBXFileReference; lastKnownFileType = sourcecode.swift; path = TxtViewExtn.swift; sourceTree = "<group>"; };
		F405BF2C1F532F19003A2CA9 /* CustomTextField.swift */ = {isa = PBXFileReference; lastKnownFileType = sourcecode.swift; path = CustomTextField.swift; sourceTree = "<group>"; };
		F40C8AF61F4F5100009BD779 /* GoogleService-Info.plist */ = {isa = PBXFileReference; lastKnownFileType = text.plist.xml; path = "GoogleService-Info.plist"; sourceTree = "<group>"; };
		F44F41C51F48AB1300F6023A /* Extention.swift */ = {isa = PBXFileReference; fileEncoding = 4; lastKnownFileType = sourcecode.swift; path = Extention.swift; sourceTree = "<group>"; };
		F44F41C61F48AB1300F6023A /* imageExtension.swift */ = {isa = PBXFileReference; fileEncoding = 4; lastKnownFileType = sourcecode.swift; path = imageExtension.swift; sourceTree = "<group>"; };
		F44F41C71F48AB1300F6023A /* RoundButton.swift */ = {isa = PBXFileReference; fileEncoding = 4; lastKnownFileType = sourcecode.swift; path = RoundButton.swift; sourceTree = "<group>"; };
		F44F41C81F48AB1300F6023A /* roundedBorderView.swift */ = {isa = PBXFileReference; fileEncoding = 4; lastKnownFileType = sourcecode.swift; path = roundedBorderView.swift; sourceTree = "<group>"; };
		F4633A251F4984880088B005 /* TimesheetViewController.swift */ = {isa = PBXFileReference; lastKnownFileType = sourcecode.swift; path = TimesheetViewController.swift; sourceTree = "<group>"; };
		F4633A271F4984A50088B005 /* MatchResultViewController.swift */ = {isa = PBXFileReference; lastKnownFileType = sourcecode.swift; path = MatchResultViewController.swift; sourceTree = "<group>"; };
		F4633A291F4984BA0088B005 /* MoreViewController.swift */ = {isa = PBXFileReference; lastKnownFileType = sourcecode.swift; path = MoreViewController.swift; sourceTree = "<group>"; };
		F4633A2D1F49872B0088B005 /* HomeCollectionView.swift */ = {isa = PBXFileReference; lastKnownFileType = sourcecode.swift; path = HomeCollectionView.swift; sourceTree = "<group>"; };
		F4FB6D191F494FAA00B22587 /* TabbarController.swift */ = {isa = PBXFileReference; lastKnownFileType = sourcecode.swift; path = TabbarController.swift; sourceTree = "<group>"; };
		F924E1B224A3F4E835BBF0C9 /* Pods_ACCI_CricketUITests.framework */ = {isa = PBXFileReference; explicitFileType = wrapper.framework; includeInIndex = 0; path = Pods_ACCI_CricketUITests.framework; sourceTree = BUILT_PRODUCTS_DIR; };
/* End PBXFileReference section */

/* Begin PBXFrameworksBuildPhase section */
		4A16D2911F470CEF008C65F2 /* Frameworks */ = {
			isa = PBXFrameworksBuildPhase;
			buildActionMask = 2147483647;
			files = (
				BB9EF6EFEB4D8DE2E4B17301 /* Pods_ACCI_Cricket.framework in Frameworks */,
			);
			runOnlyForDeploymentPostprocessing = 0;
		};
		4A16D2A81F470CF0008C65F2 /* Frameworks */ = {
			isa = PBXFrameworksBuildPhase;
			buildActionMask = 2147483647;
			files = (
				94CB594AEFE80EA356CBD3A8 /* Pods_ACCI_CricketTests.framework in Frameworks */,
			);
			runOnlyForDeploymentPostprocessing = 0;
		};
		4A16D2B31F470CF0008C65F2 /* Frameworks */ = {
			isa = PBXFrameworksBuildPhase;
			buildActionMask = 2147483647;
			files = (
				2BECBD317A8205C1067BBE11 /* Pods_ACCI_CricketUITests.framework in Frameworks */,
			);
			runOnlyForDeploymentPostprocessing = 0;
		};
/* End PBXFrameworksBuildPhase section */

/* Begin PBXGroup section */
		4A16D28B1F470CEF008C65F2 = {
			isa = PBXGroup;
			children = (
				F40C8AF61F4F5100009BD779 /* GoogleService-Info.plist */,
				4A16D2C81F470D68008C65F2 /* All_Classes */,
				4A16D2961F470CEF008C65F2 /* ACCI_Cricket */,
				4A16D2AE1F470CF0008C65F2 /* ACCI_CricketTests */,
				4A16D2B91F470CF0008C65F2 /* ACCI_CricketUITests */,
				4A16D2951F470CEF008C65F2 /* Products */,
				D20C6793804682D8F0721548 /* Pods */,
				7834531D91EB7B8016864DC1 /* Frameworks */,
			);
			sourceTree = "<group>";
		};
		4A16D2951F470CEF008C65F2 /* Products */ = {
			isa = PBXGroup;
			children = (
				4A16D2941F470CEF008C65F2 /* ACCI_Cricket.app */,
				4A16D2AB1F470CF0008C65F2 /* ACCI_CricketTests.xctest */,
				4A16D2B61F470CF0008C65F2 /* ACCI_CricketUITests.xctest */,
			);
			name = Products;
			sourceTree = "<group>";
		};
		4A16D2961F470CEF008C65F2 /* ACCI_Cricket */ = {
			isa = PBXGroup;
			children = (
				4A16D2971F470CEF008C65F2 /* AppDelegate.swift */,
				4A16D2991F470CEF008C65F2 /* ViewController.swift */,
				4A16D29B1F470CF0008C65F2 /* Main.storyboard */,
				4A16D2A11F470CF0008C65F2 /* Assets.xcassets */,
				4A16D2A31F470CF0008C65F2 /* LaunchScreen.storyboard */,
				4A16D2A61F470CF0008C65F2 /* Info.plist */,
				4A16D29E1F470CF0008C65F2 /* ACCI_Cricket.xcdatamodeld */,
			);
			path = ACCI_Cricket;
			sourceTree = "<group>";
		};
		4A16D2AE1F470CF0008C65F2 /* ACCI_CricketTests */ = {
			isa = PBXGroup;
			children = (
				4A16D2AF1F470CF0008C65F2 /* ACCI_CricketTests.swift */,
				4A16D2B11F470CF0008C65F2 /* Info.plist */,
			);
			path = ACCI_CricketTests;
			sourceTree = "<group>";
		};
		4A16D2B91F470CF0008C65F2 /* ACCI_CricketUITests */ = {
			isa = PBXGroup;
			children = (
				4A16D2BA1F470CF0008C65F2 /* ACCI_CricketUITests.swift */,
				4A16D2BC1F470CF0008C65F2 /* Info.plist */,
			);
			path = ACCI_CricketUITests;
			sourceTree = "<group>";
		};
		4A16D2C81F470D68008C65F2 /* All_Classes */ = {
			isa = PBXGroup;
			children = (
				F4633A241F49844B0088B005 /* Controllers */,
				F4FCBD5E1F494DFB00B42554 /* Component */,
				4A16D2CB1F470D68008C65F2 /* Extentions  */,
				4A16D2CE1F470D68008C65F2 /* Validator */,
			);
			path = All_Classes;
			sourceTree = "<group>";
		};
		4A16D2CB1F470D68008C65F2 /* Extentions  */ = {
			isa = PBXGroup;
			children = (
				F44F41C51F48AB1300F6023A /* Extention.swift */,
				F44F41C61F48AB1300F6023A /* imageExtension.swift */,
				F44F41C71F48AB1300F6023A /* RoundButton.swift */,
				F44F41C81F48AB1300F6023A /* roundedBorderView.swift */,
				F4033D401F4BEF0700931CAF /* TxtViewExtn.swift */,
				F405BF2C1F532F19003A2CA9 /* CustomTextField.swift */,
			);
			path = "Extentions ";
			sourceTree = "<group>";
		};
		4A16D2CE1F470D68008C65F2 /* Validator */ = {
			isa = PBXGroup;
			children = (
				4A16D2CF1F470D76008C65F2 /* validator.swift */,
			);
			path = Validator;
			sourceTree = "<group>";
		};
		7834531D91EB7B8016864DC1 /* Frameworks */ = {
			isa = PBXGroup;
			children = (
				E47774C3787186C15CF4D06C /* Pods_ACCI_Cricket.framework */,
				4914356FAF68ACF1DDC3D5B8 /* Pods_ACCI_CricketTests.framework */,
				F924E1B224A3F4E835BBF0C9 /* Pods_ACCI_CricketUITests.framework */,
			);
			name = Frameworks;
			sourceTree = "<group>";
		};
		D20C6793804682D8F0721548 /* Pods */ = {
			isa = PBXGroup;
			children = (
				B1379C0A482998E59E3DF42D /* Pods-ACCI_Cricket.debug.xcconfig */,
				EDBA6339EC1ED73854E91C51 /* Pods-ACCI_Cricket.release.xcconfig */,
				BE0A80D94B9E43AB1BE6CF8B /* Pods-ACCI_CricketTests.debug.xcconfig */,
				77011F11DE247829EDA51DA5 /* Pods-ACCI_CricketTests.release.xcconfig */,
				45FB5FAB2E81A39DA9503F1E /* Pods-ACCI_CricketUITests.debug.xcconfig */,
				6F3FD1DE421296B993CFAF94 /* Pods-ACCI_CricketUITests.release.xcconfig */,
			);
			name = Pods;
			sourceTree = "<group>";
		};
		F4633A241F49844B0088B005 /* Controllers */ = {
			isa = PBXGroup;
			children = (
				F4633A251F4984880088B005 /* TimesheetViewController.swift */,
				F4633A271F4984A50088B005 /* MatchResultViewController.swift */,
				F4633A291F4984BA0088B005 /* MoreViewController.swift */,
				4AE274B01F56F23800854976 /* NavViewController.swift */,
			);
			path = Controllers;
			sourceTree = "<group>";
		};
		F4FCBD5E1F494DFB00B42554 /* Component */ = {
			isa = PBXGroup;
			children = (
				F4FB6D191F494FAA00B22587 /* TabbarController.swift */,
				F4633A2D1F49872B0088B005 /* HomeCollectionView.swift */,
			);
			path = Component;
			sourceTree = "<group>";
		};
/* End PBXGroup section */

/* Begin PBXNativeTarget section */
		4A16D2931F470CEF008C65F2 /* ACCI_Cricket */ = {
			isa = PBXNativeTarget;
			buildConfigurationList = 4A16D2BF1F470CF0008C65F2 /* Build configuration list for PBXNativeTarget "ACCI_Cricket" */;
			buildPhases = (
				35238BCAC01FF4CF1A1C1E09 /* [CP] Check Pods Manifest.lock */,
				4A16D2901F470CEF008C65F2 /* Sources */,
				4A16D2911F470CEF008C65F2 /* Frameworks */,
				4A16D2921F470CEF008C65F2 /* Resources */,
				FCAA31071963A3F36E0FB01D /* [CP] Embed Pods Frameworks */,
				D8C64A06C4F07132C56EB746 /* [CP] Copy Pods Resources */,
			);
			buildRules = (
			);
			dependencies = (
			);
			name = ACCI_Cricket;
			productName = ACCI_Cricket;
			productReference = 4A16D2941F470CEF008C65F2 /* ACCI_Cricket.app */;
			productType = "com.apple.product-type.application";
		};
		4A16D2AA1F470CF0008C65F2 /* ACCI_CricketTests */ = {
			isa = PBXNativeTarget;
			buildConfigurationList = 4A16D2C21F470CF0008C65F2 /* Build configuration list for PBXNativeTarget "ACCI_CricketTests" */;
			buildPhases = (
				56666EF07EC68F20F1C1D1AE /* [CP] Check Pods Manifest.lock */,
				4A16D2A71F470CF0008C65F2 /* Sources */,
				4A16D2A81F470CF0008C65F2 /* Frameworks */,
				4A16D2A91F470CF0008C65F2 /* Resources */,
				16EE654B5126E794836C22C2 /* [CP] Embed Pods Frameworks */,
				1E2028F66CB25CCEB2DB8008 /* [CP] Copy Pods Resources */,
			);
			buildRules = (
			);
			dependencies = (
				4A16D2AD1F470CF0008C65F2 /* PBXTargetDependency */,
			);
			name = ACCI_CricketTests;
			productName = ACCI_CricketTests;
			productReference = 4A16D2AB1F470CF0008C65F2 /* ACCI_CricketTests.xctest */;
			productType = "com.apple.product-type.bundle.unit-test";
		};
		4A16D2B51F470CF0008C65F2 /* ACCI_CricketUITests */ = {
			isa = PBXNativeTarget;
			buildConfigurationList = 4A16D2C51F470CF0008C65F2 /* Build configuration list for PBXNativeTarget "ACCI_CricketUITests" */;
			buildPhases = (
				C0CF6C154ADE569E3CE3AA99 /* [CP] Check Pods Manifest.lock */,
				4A16D2B21F470CF0008C65F2 /* Sources */,
				4A16D2B31F470CF0008C65F2 /* Frameworks */,
				4A16D2B41F470CF0008C65F2 /* Resources */,
				080B37E21454F189DB84024F /* [CP] Embed Pods Frameworks */,
				6B4ACE68B7AA6517EA4BE96B /* [CP] Copy Pods Resources */,
			);
			buildRules = (
			);
			dependencies = (
				4A16D2B81F470CF0008C65F2 /* PBXTargetDependency */,
			);
			name = ACCI_CricketUITests;
			productName = ACCI_CricketUITests;
			productReference = 4A16D2B61F470CF0008C65F2 /* ACCI_CricketUITests.xctest */;
			productType = "com.apple.product-type.bundle.ui-testing";
		};
/* End PBXNativeTarget section */

/* Begin PBXProject section */
		4A16D28C1F470CEF008C65F2 /* Project object */ = {
			isa = PBXProject;
			attributes = {
				LastSwiftUpdateCheck = 0900;
				LastUpgradeCheck = 0900;
				ORGANIZATIONNAME = webdunia;
				TargetAttributes = {
					4A16D2931F470CEF008C65F2 = {
						CreatedOnToolsVersion = 9.0;
					};
					4A16D2AA1F470CF0008C65F2 = {
						CreatedOnToolsVersion = 9.0;
						TestTargetID = 4A16D2931F470CEF008C65F2;
					};
					4A16D2B51F470CF0008C65F2 = {
						CreatedOnToolsVersion = 9.0;
						TestTargetID = 4A16D2931F470CEF008C65F2;
					};
				};
			};
			buildConfigurationList = 4A16D28F1F470CEF008C65F2 /* Build configuration list for PBXProject "ACCI_Cricket" */;
			compatibilityVersion = "Xcode 8.0";
			developmentRegion = en;
			hasScannedForEncodings = 0;
			knownRegions = (
				en,
				Base,
			);
			mainGroup = 4A16D28B1F470CEF008C65F2;
			productRefGroup = 4A16D2951F470CEF008C65F2 /* Products */;
			projectDirPath = "";
			projectRoot = "";
			targets = (
				4A16D2931F470CEF008C65F2 /* ACCI_Cricket */,
				4A16D2AA1F470CF0008C65F2 /* ACCI_CricketTests */,
				4A16D2B51F470CF0008C65F2 /* ACCI_CricketUITests */,
			);
		};
/* End PBXProject section */

/* Begin PBXResourcesBuildPhase section */
		4A16D2921F470CEF008C65F2 /* Resources */ = {
			isa = PBXResourcesBuildPhase;
			buildActionMask = 2147483647;
			files = (
				4A16D2A51F470CF0008C65F2 /* LaunchScreen.storyboard in Resources */,
				F40C8AF71F4F5112009BD779 /* GoogleService-Info.plist in Resources */,
				4A16D2A21F470CF0008C65F2 /* Assets.xcassets in Resources */,
				4A16D29D1F470CF0008C65F2 /* Main.storyboard in Resources */,
			);
			runOnlyForDeploymentPostprocessing = 0;
		};
		4A16D2A91F470CF0008C65F2 /* Resources */ = {
			isa = PBXResourcesBuildPhase;
			buildActionMask = 2147483647;
			files = (
			);
			runOnlyForDeploymentPostprocessing = 0;
		};
		4A16D2B41F470CF0008C65F2 /* Resources */ = {
			isa = PBXResourcesBuildPhase;
			buildActionMask = 2147483647;
			files = (
			);
			runOnlyForDeploymentPostprocessing = 0;
		};
/* End PBXResourcesBuildPhase section */

/* Begin PBXShellScriptBuildPhase section */
		080B37E21454F189DB84024F /* [CP] Embed Pods Frameworks */ = {
			isa = PBXShellScriptBuildPhase;
			buildActionMask = 2147483647;
			files = (
			);
			inputPaths = (
			);
			name = "[CP] Embed Pods Frameworks";
			outputPaths = (
			);
			runOnlyForDeploymentPostprocessing = 0;
			shellPath = /bin/sh;
			shellScript = "\"${SRCROOT}/Pods/Target Support Files/Pods-ACCI_CricketUITests/Pods-ACCI_CricketUITests-frameworks.sh\"\n";
			showEnvVarsInLog = 0;
		};
		16EE654B5126E794836C22C2 /* [CP] Embed Pods Frameworks */ = {
			isa = PBXShellScriptBuildPhase;
			buildActionMask = 2147483647;
			files = (
			);
			inputPaths = (
			);
			name = "[CP] Embed Pods Frameworks";
			outputPaths = (
			);
			runOnlyForDeploymentPostprocessing = 0;
			shellPath = /bin/sh;
			shellScript = "\"${SRCROOT}/Pods/Target Support Files/Pods-ACCI_CricketTests/Pods-ACCI_CricketTests-frameworks.sh\"\n";
			showEnvVarsInLog = 0;
		};
		1E2028F66CB25CCEB2DB8008 /* [CP] Copy Pods Resources */ = {
			isa = PBXShellScriptBuildPhase;
			buildActionMask = 2147483647;
			files = (
			);
			inputPaths = (
			);
			name = "[CP] Copy Pods Resources";
			outputPaths = (
			);
			runOnlyForDeploymentPostprocessing = 0;
			shellPath = /bin/sh;
			shellScript = "\"${SRCROOT}/Pods/Target Support Files/Pods-ACCI_CricketTests/Pods-ACCI_CricketTests-resources.sh\"\n";
			showEnvVarsInLog = 0;
		};
		35238BCAC01FF4CF1A1C1E09 /* [CP] Check Pods Manifest.lock */ = {
			isa = PBXShellScriptBuildPhase;
			buildActionMask = 2147483647;
			files = (
			);
			inputPaths = (
				"${PODS_PODFILE_DIR_PATH}/Podfile.lock",
				"${PODS_ROOT}/Manifest.lock",
			);
			name = "[CP] Check Pods Manifest.lock";
			outputPaths = (
				"$(DERIVED_FILE_DIR)/Pods-ACCI_Cricket-checkManifestLockResult.txt",
			);
			runOnlyForDeploymentPostprocessing = 0;
			shellPath = /bin/sh;
			shellScript = "diff \"${PODS_PODFILE_DIR_PATH}/Podfile.lock\" \"${PODS_ROOT}/Manifest.lock\" > /dev/null\nif [ $? != 0 ] ; then\n    # print error to STDERR\n    echo \"error: The sandbox is not in sync with the Podfile.lock. Run 'pod install' or update your CocoaPods installation.\" >&2\n    exit 1\nfi\n# This output is used by Xcode 'outputs' to avoid re-running this script phase.\necho \"SUCCESS\" > \"${SCRIPT_OUTPUT_FILE_0}\"\n";
			showEnvVarsInLog = 0;
		};
		56666EF07EC68F20F1C1D1AE /* [CP] Check Pods Manifest.lock */ = {
			isa = PBXShellScriptBuildPhase;
			buildActionMask = 2147483647;
			files = (
			);
			inputPaths = (
				"${PODS_PODFILE_DIR_PATH}/Podfile.lock",
				"${PODS_ROOT}/Manifest.lock",
			);
			name = "[CP] Check Pods Manifest.lock";
			outputPaths = (
				"$(DERIVED_FILE_DIR)/Pods-ACCI_CricketTests-checkManifestLockResult.txt",
			);
			runOnlyForDeploymentPostprocessing = 0;
			shellPath = /bin/sh;
			shellScript = "diff \"${PODS_PODFILE_DIR_PATH}/Podfile.lock\" \"${PODS_ROOT}/Manifest.lock\" > /dev/null\nif [ $? != 0 ] ; then\n    # print error to STDERR\n    echo \"error: The sandbox is not in sync with the Podfile.lock. Run 'pod install' or update your CocoaPods installation.\" >&2\n    exit 1\nfi\n# This output is used by Xcode 'outputs' to avoid re-running this script phase.\necho \"SUCCESS\" > \"${SCRIPT_OUTPUT_FILE_0}\"\n";
			showEnvVarsInLog = 0;
		};
		6B4ACE68B7AA6517EA4BE96B /* [CP] Copy Pods Resources */ = {
			isa = PBXShellScriptBuildPhase;
			buildActionMask = 2147483647;
			files = (
			);
			inputPaths = (
			);
			name = "[CP] Copy Pods Resources";
			outputPaths = (
			);
			runOnlyForDeploymentPostprocessing = 0;
			shellPath = /bin/sh;
			shellScript = "\"${SRCROOT}/Pods/Target Support Files/Pods-ACCI_CricketUITests/Pods-ACCI_CricketUITests-resources.sh\"\n";
			showEnvVarsInLog = 0;
		};
		C0CF6C154ADE569E3CE3AA99 /* [CP] Check Pods Manifest.lock */ = {
			isa = PBXShellScriptBuildPhase;
			buildActionMask = 2147483647;
			files = (
			);
			inputPaths = (
				"${PODS_PODFILE_DIR_PATH}/Podfile.lock",
				"${PODS_ROOT}/Manifest.lock",
			);
			name = "[CP] Check Pods Manifest.lock";
			outputPaths = (
				"$(DERIVED_FILE_DIR)/Pods-ACCI_CricketUITests-checkManifestLockResult.txt",
			);
			runOnlyForDeploymentPostprocessing = 0;
			shellPath = /bin/sh;
			shellScript = "diff \"${PODS_PODFILE_DIR_PATH}/Podfile.lock\" \"${PODS_ROOT}/Manifest.lock\" > /dev/null\nif [ $? != 0 ] ; then\n    # print error to STDERR\n    echo \"error: The sandbox is not in sync with the Podfile.lock. Run 'pod install' or update your CocoaPods installation.\" >&2\n    exit 1\nfi\n# This output is used by Xcode 'outputs' to avoid re-running this script phase.\necho \"SUCCESS\" > \"${SCRIPT_OUTPUT_FILE_0}\"\n";
			showEnvVarsInLog = 0;
		};
		D8C64A06C4F07132C56EB746 /* [CP] Copy Pods Resources */ = {
			isa = PBXShellScriptBuildPhase;
			buildActionMask = 2147483647;
			files = (
			);
			inputPaths = (
			);
			name = "[CP] Copy Pods Resources";
			outputPaths = (
			);
			runOnlyForDeploymentPostprocessing = 0;
			shellPath = /bin/sh;
			shellScript = "\"${SRCROOT}/Pods/Target Support Files/Pods-ACCI_Cricket/Pods-ACCI_Cricket-resources.sh\"\n";
			showEnvVarsInLog = 0;
		};
		FCAA31071963A3F36E0FB01D /* [CP] Embed Pods Frameworks */ = {
			isa = PBXShellScriptBuildPhase;
			buildActionMask = 2147483647;
			files = (
			);
			inputPaths = (
				"${SRCROOT}/Pods/Target Support Files/Pods-ACCI_Cricket/Pods-ACCI_Cricket-frameworks.sh",
				"${BUILT_PRODUCTS_DIR}/GTMSessionFetcher/GTMSessionFetcher.framework",
				"${BUILT_PRODUCTS_DIR}/GoogleToolboxForMac/GoogleToolboxForMac.framework",
				"${BUILT_PRODUCTS_DIR}/IQKeyboardManager/IQKeyboardManager.framework",
				"${BUILT_PRODUCTS_DIR}/JVFloatLabeledTextField/JVFloatLabeledTextField.framework",
				"${BUILT_PRODUCTS_DIR}/ReachabilitySwift/ReachabilitySwift.framework",
				"${BUILT_PRODUCTS_DIR}/SVProgressHUD/SVProgressHUD.framework",
				"${BUILT_PRODUCTS_DIR}/leveldb-library/leveldb.framework",
				"${BUILT_PRODUCTS_DIR}/nanopb/nanopb.framework",
			);
			name = "[CP] Embed Pods Frameworks";
			outputPaths = (
				"${TARGET_BUILD_DIR}/${FRAMEWORKS_FOLDER_PATH}/GTMSessionFetcher.framework",
				"${TARGET_BUILD_DIR}/${FRAMEWORKS_FOLDER_PATH}/GoogleToolboxForMac.framework",
				"${TARGET_BUILD_DIR}/${FRAMEWORKS_FOLDER_PATH}/IQKeyboardManager.framework",
				"${TARGET_BUILD_DIR}/${FRAMEWORKS_FOLDER_PATH}/JVFloatLabeledTextField.framework",
				"${TARGET_BUILD_DIR}/${FRAMEWORKS_FOLDER_PATH}/ReachabilitySwift.framework",
				"${TARGET_BUILD_DIR}/${FRAMEWORKS_FOLDER_PATH}/SVProgressHUD.framework",
				"${TARGET_BUILD_DIR}/${FRAMEWORKS_FOLDER_PATH}/leveldb.framework",
				"${TARGET_BUILD_DIR}/${FRAMEWORKS_FOLDER_PATH}/nanopb.framework",
			);
			runOnlyForDeploymentPostprocessing = 0;
			shellPath = /bin/sh;
			shellScript = "\"${SRCROOT}/Pods/Target Support Files/Pods-ACCI_Cricket/Pods-ACCI_Cricket-frameworks.sh\"\n";
			showEnvVarsInLog = 0;
		};
/* End PBXShellScriptBuildPhase section */

/* Begin PBXSourcesBuildPhase section */
		4A16D2901F470CEF008C65F2 /* Sources */ = {
			isa = PBXSourcesBuildPhase;
			buildActionMask = 2147483647;
			files = (
				F4033D411F4BEF0700931CAF /* TxtViewExtn.swift in Sources */,
				4A16D2D01F470D76008C65F2 /* validator.swift in Sources */,
				4A16D29A1F470CF0008C65F2 /* ViewController.swift in Sources */,
				F44F41CB1F48AB1300F6023A /* RoundButton.swift in Sources */,
				4A16D2A01F470CF0008C65F2 /* ACCI_Cricket.xcdatamodeld in Sources */,
				F44F41CC1F48AB1300F6023A /* roundedBorderView.swift in Sources */,
				4AE274B11F56F23800854976 /* NavViewController.swift in Sources */,
				F44F41CA1F48AB1300F6023A /* imageExtension.swift in Sources */,
				4A16D2981F470CEF008C65F2 /* AppDelegate.swift in Sources */,
				F4633A261F4984880088B005 /* TimesheetViewController.swift in Sources */,
				F4F3D3A61F4952C70092F9A9 /* TabbarController.swift in Sources */,
				F4633A2A1F4984BA0088B005 /* MoreViewController.swift in Sources */,
				F44F41C91F48AB1300F6023A /* Extention.swift in Sources */,
				F4633A281F4984A50088B005 /* MatchResultViewController.swift in Sources */,
				F4633A2E1F49872B0088B005 /* HomeCollectionView.swift in Sources */,
				F405BF2D1F532F19003A2CA9 /* CustomTextField.swift in Sources */,
			);
			runOnlyForDeploymentPostprocessing = 0;
		};
		4A16D2A71F470CF0008C65F2 /* Sources */ = {
			isa = PBXSourcesBuildPhase;
			buildActionMask = 2147483647;
			files = (
				4A16D2B01F470CF0008C65F2 /* ACCI_CricketTests.swift in Sources */,
			);
			runOnlyForDeploymentPostprocessing = 0;
		};
		4A16D2B21F470CF0008C65F2 /* Sources */ = {
			isa = PBXSourcesBuildPhase;
			buildActionMask = 2147483647;
			files = (
				4A16D2BB1F470CF0008C65F2 /* ACCI_CricketUITests.swift in Sources */,
			);
			runOnlyForDeploymentPostprocessing = 0;
		};
/* End PBXSourcesBuildPhase section */

/* Begin PBXTargetDependency section */
		4A16D2AD1F470CF0008C65F2 /* PBXTargetDependency */ = {
			isa = PBXTargetDependency;
			target = 4A16D2931F470CEF008C65F2 /* ACCI_Cricket */;
			targetProxy = 4A16D2AC1F470CF0008C65F2 /* PBXContainerItemProxy */;
		};
		4A16D2B81F470CF0008C65F2 /* PBXTargetDependency */ = {
			isa = PBXTargetDependency;
			target = 4A16D2931F470CEF008C65F2 /* ACCI_Cricket */;
			targetProxy = 4A16D2B71F470CF0008C65F2 /* PBXContainerItemProxy */;
		};
/* End PBXTargetDependency section */

/* Begin PBXVariantGroup section */
		4A16D29B1F470CF0008C65F2 /* Main.storyboard */ = {
			isa = PBXVariantGroup;
			children = (
				4A16D29C1F470CF0008C65F2 /* Base */,
			);
			name = Main.storyboard;
			sourceTree = "<group>";
		};
		4A16D2A31F470CF0008C65F2 /* LaunchScreen.storyboard */ = {
			isa = PBXVariantGroup;
			children = (
				4A16D2A41F470CF0008C65F2 /* Base */,
			);
			name = LaunchScreen.storyboard;
			sourceTree = "<group>";
		};
/* End PBXVariantGroup section */

/* Begin XCBuildConfiguration section */
		4A16D2BD1F470CF0008C65F2 /* Debug */ = {
			isa = XCBuildConfiguration;
			buildSettings = {
				ALWAYS_SEARCH_USER_PATHS = NO;
				CLANG_ANALYZER_NONNULL = YES;
				CLANG_ANALYZER_NUMBER_OBJECT_CONVERSION = YES_AGGRESSIVE;
				CLANG_CXX_LANGUAGE_STANDARD = "gnu++14";
				CLANG_CXX_LIBRARY = "libc++";
				CLANG_ENABLE_MODULES = YES;
				CLANG_ENABLE_OBJC_ARC = YES;
				CLANG_WARN_BLOCK_CAPTURE_AUTORELEASING = YES;
				CLANG_WARN_BOOL_CONVERSION = YES;
				CLANG_WARN_COMMA = YES;
				CLANG_WARN_CONSTANT_CONVERSION = YES;
				CLANG_WARN_DIRECT_OBJC_ISA_USAGE = YES_ERROR;
				CLANG_WARN_DOCUMENTATION_COMMENTS = YES;
				CLANG_WARN_EMPTY_BODY = YES;
				CLANG_WARN_ENUM_CONVERSION = YES;
				CLANG_WARN_INFINITE_RECURSION = YES;
				CLANG_WARN_INT_CONVERSION = YES;
				CLANG_WARN_NON_LITERAL_NULL_CONVERSION = YES;
				CLANG_WARN_OBJC_LITERAL_CONVERSION = YES;
				CLANG_WARN_OBJC_ROOT_CLASS = YES_ERROR;
				CLANG_WARN_RANGE_LOOP_ANALYSIS = YES;
				CLANG_WARN_STRICT_PROTOTYPES = YES;
				CLANG_WARN_SUSPICIOUS_MOVE = YES;
				CLANG_WARN_UNGUARDED_AVAILABILITY = YES_AGGRESSIVE;
				CLANG_WARN_UNREACHABLE_CODE = YES;
				CLANG_WARN__DUPLICATE_METHOD_MATCH = YES;
				CODE_SIGN_IDENTITY = "iPhone Developer";
				COPY_PHASE_STRIP = NO;
				DEBUG_INFORMATION_FORMAT = dwarf;
				ENABLE_STRICT_OBJC_MSGSEND = YES;
				ENABLE_TESTABILITY = YES;
				GCC_C_LANGUAGE_STANDARD = gnu11;
				GCC_DYNAMIC_NO_PIC = NO;
				GCC_NO_COMMON_BLOCKS = YES;
				GCC_OPTIMIZATION_LEVEL = 0;
				GCC_PREPROCESSOR_DEFINITIONS = (
					"DEBUG=1",
					"$(inherited)",
				);
				GCC_WARN_64_TO_32_BIT_CONVERSION = YES;
				GCC_WARN_ABOUT_RETURN_TYPE = YES_ERROR;
				GCC_WARN_UNDECLARED_SELECTOR = YES;
				GCC_WARN_UNINITIALIZED_AUTOS = YES_AGGRESSIVE;
				GCC_WARN_UNUSED_FUNCTION = YES;
				GCC_WARN_UNUSED_VARIABLE = YES;
				IPHONEOS_DEPLOYMENT_TARGET = 11.0;
				MTL_ENABLE_DEBUG_INFO = YES;
				ONLY_ACTIVE_ARCH = YES;
				SDKROOT = iphoneos;
				SWIFT_ACTIVE_COMPILATION_CONDITIONS = DEBUG;
				SWIFT_OPTIMIZATION_LEVEL = "-Onone";
			};
			name = Debug;
		};
		4A16D2BE1F470CF0008C65F2 /* Release */ = {
			isa = XCBuildConfiguration;
			buildSettings = {
				ALWAYS_SEARCH_USER_PATHS = NO;
				CLANG_ANALYZER_NONNULL = YES;
				CLANG_ANALYZER_NUMBER_OBJECT_CONVERSION = YES_AGGRESSIVE;
				CLANG_CXX_LANGUAGE_STANDARD = "gnu++14";
				CLANG_CXX_LIBRARY = "libc++";
				CLANG_ENABLE_MODULES = YES;
				CLANG_ENABLE_OBJC_ARC = YES;
				CLANG_WARN_BLOCK_CAPTURE_AUTORELEASING = YES;
				CLANG_WARN_BOOL_CONVERSION = YES;
				CLANG_WARN_COMMA = YES;
				CLANG_WARN_CONSTANT_CONVERSION = YES;
				CLANG_WARN_DIRECT_OBJC_ISA_USAGE = YES_ERROR;
				CLANG_WARN_DOCUMENTATION_COMMENTS = YES;
				CLANG_WARN_EMPTY_BODY = YES;
				CLANG_WARN_ENUM_CONVERSION = YES;
				CLANG_WARN_INFINITE_RECURSION = YES;
				CLANG_WARN_INT_CONVERSION = YES;
				CLANG_WARN_NON_LITERAL_NULL_CONVERSION = YES;
				CLANG_WARN_OBJC_LITERAL_CONVERSION = YES;
				CLANG_WARN_OBJC_ROOT_CLASS = YES_ERROR;
				CLANG_WARN_RANGE_LOOP_ANALYSIS = YES;
				CLANG_WARN_STRICT_PROTOTYPES = YES;
				CLANG_WARN_SUSPICIOUS_MOVE = YES;
				CLANG_WARN_UNGUARDED_AVAILABILITY = YES_AGGRESSIVE;
				CLANG_WARN_UNREACHABLE_CODE = YES;
				CLANG_WARN__DUPLICATE_METHOD_MATCH = YES;
				CODE_SIGN_IDENTITY = "iPhone Developer";
				COPY_PHASE_STRIP = NO;
				DEBUG_INFORMATION_FORMAT = "dwarf-with-dsym";
				ENABLE_NS_ASSERTIONS = NO;
				ENABLE_STRICT_OBJC_MSGSEND = YES;
				GCC_C_LANGUAGE_STANDARD = gnu11;
				GCC_NO_COMMON_BLOCKS = YES;
				GCC_WARN_64_TO_32_BIT_CONVERSION = YES;
				GCC_WARN_ABOUT_RETURN_TYPE = YES_ERROR;
				GCC_WARN_UNDECLARED_SELECTOR = YES;
				GCC_WARN_UNINITIALIZED_AUTOS = YES_AGGRESSIVE;
				GCC_WARN_UNUSED_FUNCTION = YES;
				GCC_WARN_UNUSED_VARIABLE = YES;
				IPHONEOS_DEPLOYMENT_TARGET = 11.0;
				MTL_ENABLE_DEBUG_INFO = NO;
				SDKROOT = iphoneos;
				SWIFT_OPTIMIZATION_LEVEL = "-Owholemodule";
				VALIDATE_PRODUCT = YES;
			};
			name = Release;
		};
		4A16D2C01F470CF0008C65F2 /* Debug */ = {
			isa = XCBuildConfiguration;
			baseConfigurationReference = B1379C0A482998E59E3DF42D /* Pods-ACCI_Cricket.debug.xcconfig */;
			buildSettings = {
				ASSETCATALOG_COMPILER_APPICON_NAME = AppIcon;
				DEVELOPMENT_TEAM = L6G7KHK437;
				INFOPLIST_FILE = ACCI_Cricket/Info.plist;
				IPHONEOS_DEPLOYMENT_TARGET = 10.3;
				LD_RUNPATH_SEARCH_PATHS = "$(inherited) @executable_path/Frameworks";
				PRODUCT_BUNDLE_IDENTIFIER = "webdunia.ACCI-Cricket";
				PRODUCT_NAME = "$(TARGET_NAME)";
				SWIFT_VERSION = 4.0;
				TARGETED_DEVICE_FAMILY = "1,2";
			};
			name = Debug;
		};
		4A16D2C11F470CF0008C65F2 /* Release */ = {
			isa = XCBuildConfiguration;
			baseConfigurationReference = EDBA6339EC1ED73854E91C51 /* Pods-ACCI_Cricket.release.xcconfig */;
			buildSettings = {
				ASSETCATALOG_COMPILER_APPICON_NAME = AppIcon;
				DEVELOPMENT_TEAM = L6G7KHK437;
				INFOPLIST_FILE = ACCI_Cricket/Info.plist;
				IPHONEOS_DEPLOYMENT_TARGET = 10.3;
				LD_RUNPATH_SEARCH_PATHS = "$(inherited) @executable_path/Frameworks";
				PRODUCT_BUNDLE_IDENTIFIER = "webdunia.ACCI-Cricket";
				PRODUCT_NAME = "$(TARGET_NAME)";
				SWIFT_VERSION = 4.0;
				TARGETED_DEVICE_FAMILY = "1,2";
			};
			name = Release;
		};
		4A16D2C31F470CF0008C65F2 /* Debug */ = {
			isa = XCBuildConfiguration;
			baseConfigurationReference = BE0A80D94B9E43AB1BE6CF8B /* Pods-ACCI_CricketTests.debug.xcconfig */;
			buildSettings = {
				ALWAYS_EMBED_SWIFT_STANDARD_LIBRARIES = YES;
				BUNDLE_LOADER = "$(TEST_HOST)";
				DEVELOPMENT_TEAM = J69864QQCS;
				INFOPLIST_FILE = ACCI_CricketTests/Info.plist;
				LD_RUNPATH_SEARCH_PATHS = "$(inherited) @executable_path/Frameworks @loader_path/Frameworks";
				PRODUCT_BUNDLE_IDENTIFIER = "webdunia.ACCI-CricketTests";
				PRODUCT_NAME = "$(TARGET_NAME)";
				SWIFT_VERSION = 4.0;
				TARGETED_DEVICE_FAMILY = "1,2";
				TEST_HOST = "$(BUILT_PRODUCTS_DIR)/ACCI_Cricket.app/ACCI_Cricket";
			};
			name = Debug;
		};
		4A16D2C41F470CF0008C65F2 /* Release */ = {
			isa = XCBuildConfiguration;
			baseConfigurationReference = 77011F11DE247829EDA51DA5 /* Pods-ACCI_CricketTests.release.xcconfig */;
			buildSettings = {
				ALWAYS_EMBED_SWIFT_STANDARD_LIBRARIES = YES;
				BUNDLE_LOADER = "$(TEST_HOST)";
				DEVELOPMENT_TEAM = J69864QQCS;
				INFOPLIST_FILE = ACCI_CricketTests/Info.plist;
				LD_RUNPATH_SEARCH_PATHS = "$(inherited) @executable_path/Frameworks @loader_path/Frameworks";
				PRODUCT_BUNDLE_IDENTIFIER = "webdunia.ACCI-CricketTests";
				PRODUCT_NAME = "$(TARGET_NAME)";
				SWIFT_VERSION = 4.0;
				TARGETED_DEVICE_FAMILY = "1,2";
				TEST_HOST = "$(BUILT_PRODUCTS_DIR)/ACCI_Cricket.app/ACCI_Cricket";
			};
			name = Release;
		};
		4A16D2C61F470CF0008C65F2 /* Debug */ = {
			isa = XCBuildConfiguration;
			baseConfigurationReference = 45FB5FAB2E81A39DA9503F1E /* Pods-ACCI_CricketUITests.debug.xcconfig */;
			buildSettings = {
				ALWAYS_EMBED_SWIFT_STANDARD_LIBRARIES = YES;
				DEVELOPMENT_TEAM = J69864QQCS;
				INFOPLIST_FILE = ACCI_CricketUITests/Info.plist;
				LD_RUNPATH_SEARCH_PATHS = "$(inherited) @executable_path/Frameworks @loader_path/Frameworks";
				PRODUCT_BUNDLE_IDENTIFIER = "webdunia.ACCI-CricketUITests";
				PRODUCT_NAME = "$(TARGET_NAME)";
				SWIFT_VERSION = 4.0;
				TARGETED_DEVICE_FAMILY = "1,2";
				TEST_TARGET_NAME = ACCI_Cricket;
			};
			name = Debug;
		};
		4A16D2C71F470CF0008C65F2 /* Release */ = {
			isa = XCBuildConfiguration;
			baseConfigurationReference = 6F3FD1DE421296B993CFAF94 /* Pods-ACCI_CricketUITests.release.xcconfig */;
			buildSettings = {
				ALWAYS_EMBED_SWIFT_STANDARD_LIBRARIES = YES;
				DEVELOPMENT_TEAM = J69864QQCS;
				INFOPLIST_FILE = ACCI_CricketUITests/Info.plist;
				LD_RUNPATH_SEARCH_PATHS = "$(inherited) @executable_path/Frameworks @loader_path/Frameworks";
				PRODUCT_BUNDLE_IDENTIFIER = "webdunia.ACCI-CricketUITests";
				PRODUCT_NAME = "$(TARGET_NAME)";
				SWIFT_VERSION = 4.0;
				TARGETED_DEVICE_FAMILY = "1,2";
				TEST_TARGET_NAME = ACCI_Cricket;
			};
			name = Release;
		};
/* End XCBuildConfiguration section */

/* Begin XCConfigurationList section */
		4A16D28F1F470CEF008C65F2 /* Build configuration list for PBXProject "ACCI_Cricket" */ = {
			isa = XCConfigurationList;
			buildConfigurations = (
				4A16D2BD1F470CF0008C65F2 /* Debug */,
				4A16D2BE1F470CF0008C65F2 /* Release */,
			);
			defaultConfigurationIsVisible = 0;
			defaultConfigurationName = Release;
		};
		4A16D2BF1F470CF0008C65F2 /* Build configuration list for PBXNativeTarget "ACCI_Cricket" */ = {
			isa = XCConfigurationList;
			buildConfigurations = (
				4A16D2C01F470CF0008C65F2 /* Debug */,
				4A16D2C11F470CF0008C65F2 /* Release */,
			);
			defaultConfigurationIsVisible = 0;
			defaultConfigurationName = Release;
		};
		4A16D2C21F470CF0008C65F2 /* Build configuration list for PBXNativeTarget "ACCI_CricketTests" */ = {
			isa = XCConfigurationList;
			buildConfigurations = (
				4A16D2C31F470CF0008C65F2 /* Debug */,
				4A16D2C41F470CF0008C65F2 /* Release */,
			);
			defaultConfigurationIsVisible = 0;
			defaultConfigurationName = Release;
		};
		4A16D2C51F470CF0008C65F2 /* Build configuration list for PBXNativeTarget "ACCI_CricketUITests" */ = {
			isa = XCConfigurationList;
			buildConfigurations = (
				4A16D2C61F470CF0008C65F2 /* Debug */,
				4A16D2C71F470CF0008C65F2 /* Release */,
			);
			defaultConfigurationIsVisible = 0;
			defaultConfigurationName = Release;
		};
/* End XCConfigurationList section */

/* Begin XCVersionGroup section */
		4A16D29E1F470CF0008C65F2 /* ACCI_Cricket.xcdatamodeld */ = {
			isa = XCVersionGroup;
			children = (
				4A16D29F1F470CF0008C65F2 /* ACCI_Cricket.xcdatamodel */,
			);
			currentVersion = 4A16D29F1F470CF0008C65F2 /* ACCI_Cricket.xcdatamodel */;
			path = ACCI_Cricket.xcdatamodeld;
			sourceTree = "<group>";
			versionGroupType = wrapper.xcdatamodel;
		};
/* End XCVersionGroup section */
	};
	rootObject = 4A16D28C1F470CEF008C65F2 /* Project object */;
}
